{
  "nodes": {
    "home-manager": {
      "inputs": {
        "nixpkgs": [
          "nixpkgs"
        ]
      },
      "locked": {
        "lastModified": 1733484277,
        "narHash": "sha256-i5ay20XsvpW91N4URET/nOc0VQWOAd4c4vbqYtcH8Rc=",
        "owner": "nix-community",
        "repo": "home-manager",
        "rev": "d00c6f6d0ad16d598bf7e2956f52c1d9d5de3c3a",
        "type": "github"
      },
      "original": {
        "owner": "nix-community",
        "repo": "home-manager",
        "type": "github"
      }
    },
    "hopnot": {
      "inputs": {
        "nix-github-actions": "nix-github-actions",
        "nixpkgs": [
          "nixpkgs"
        ]
      },
      "locked": {
        "lastModified": 1732741339,
        "narHash": "sha256-TZ+xdUTTqM5/QCR/F/kg8Sd/ZR26VxRimQ/vEqI2WAQ=",
        "owner": "its-Lyn",
        "repo": "HopNotCLI",
        "rev": "315201ac877b5d9867dbec2e5600d494d7b7d460",
        "type": "github"
      },
      "original": {
        "owner": "its-Lyn",
        "repo": "HopNotCLI",
        "type": "github"
      }
    },
    "nix-github-actions": {
      "inputs": {
        "nixpkgs": [
          "hopnot",
          "nixpkgs"
        ]
      },
      "locked": {
        "lastModified": 1731952509,
        "narHash": "sha256-p4gB3Rhw8R6Ak4eMl8pqjCPOLCZRqaehZxdZ/mbFClM=",
        "owner": "nix-community",
        "repo": "nix-github-actions",
        "rev": "7b5f051df789b6b20d259924d349a9ba3319b226",
        "type": "github"
      },
      "original": {
        "owner": "nix-community",
        "repo": "nix-github-actions",
        "type": "github"
      }
    },
    "nixpkgs": {
      "locked": {
        "lastModified": 1733392399,
        "narHash": "sha256-kEsTJTUQfQFIJOcLYFt/RvNxIK653ZkTBIs4DG+cBns=",
        "owner": "NixOs",
        "repo": "nixpkgs",
        "rev": "d0797a04b81caeae77bcff10a9dde78bc17f5661",
        "type": "github"
      },
      "original": {
        "owner": "NixOs",
        "ref": "nixos-unstable",
        "repo": "nixpkgs",
        "type": "github"
      }
    },
    "plasma-manager": {
      "inputs": {
        "home-manager": [
          "home-manager"
        ],
        "nixpkgs": [
          "nixpkgs"
        ]
      },
      "locked": {
        "lastModified": 1733578387,
        "narHash": "sha256-XkMZGeqg0GCRoSXvMcaHP7bdvWPRZxCK1sw1ASsc16E=",
        "owner": "nix-community",
        "repo": "plasma-manager",
        "rev": "2a64e173f1effdcc86e25cba0601e8feedf89115",
        "type": "github"
      },
      "original": {
        "owner": "nix-community",
        "repo": "plasma-manager",
        "type": "github"
      }
    },
    "root": {
      "inputs": {
        "home-manager": "home-manager",
        "hopnot": "hopnot",
        "nixpkgs": "nixpkgs",
        "plasma-manager": "plasma-manager"
      }
    }
  },
  "root": "root",
  "version": 7
}
