{
  "nodes": {
    "home-manager": {
      "inputs": {
        "nixpkgs": [
          "nixpkgs"
        ]
      },
      "locked": {
        "lastModified": 1726989464,
        "narHash": "sha256-Vl+WVTJwutXkimwGprnEtXc/s/s8sMuXzqXaspIGlwM=",
        "owner": "nix-community",
        "repo": "home-manager",
        "rev": "2f23fa308a7c067e52dfcc30a0758f47043ec176",
        "type": "github"
      },
      "original": {
        "owner": "nix-community",
        "ref": "release-24.05",
        "repo": "home-manager",
        "type": "github"
      }
    },
    "hopnot": {
      "inputs": {
        "nix-github-actions": "nix-github-actions",
        "nixpkgs": [
          "nixpkgs"
        ]
      },
      "locked": {
        "lastModified": 1732741339,
        "narHash": "sha256-TZ+xdUTTqM5/QCR/F/kg8Sd/ZR26VxRimQ/vEqI2WAQ=",
        "owner": "its-Lyn",
        "repo": "HopNotCLI",
        "rev": "315201ac877b5d9867dbec2e5600d494d7b7d460",
        "type": "github"
      },
      "original": {
        "owner": "its-Lyn",
        "repo": "HopNotCLI",
        "type": "github"
      }
    },
    "nix-github-actions": {
      "inputs": {
        "nixpkgs": [
          "hopnot",
          "nixpkgs"
        ]
      },
      "locked": {
        "lastModified": 1731952509,
        "narHash": "sha256-p4gB3Rhw8R6Ak4eMl8pqjCPOLCZRqaehZxdZ/mbFClM=",
        "owner": "nix-community",
        "repo": "nix-github-actions",
        "rev": "7b5f051df789b6b20d259924d349a9ba3319b226",
        "type": "github"
      },
      "original": {
        "owner": "nix-community",
        "repo": "nix-github-actions",
        "type": "github"
      }
    },
    "nixpkgs": {
      "locked": {
        "lastModified": 1732632634,
        "narHash": "sha256-+G7n/ZD635aN0sEXQLynU7pWMd3PKDM7yBIXvYmjABQ=",
        "owner": "NixOs",
        "repo": "nixpkgs",
        "rev": "6f6076c37180ea3a916f84928cf3a714c5207a30",
        "type": "github"
      },
      "original": {
        "owner": "NixOs",
        "ref": "nixos-24.05",
        "repo": "nixpkgs",
        "type": "github"
      }
    },
    "plasma-manager": {
      "inputs": {
        "home-manager": [
          "home-manager"
        ],
        "nixpkgs": [
          "nixpkgs"
        ]
      },
      "locked": {
        "lastModified": 1732639391,
        "narHash": "sha256-kFtXjoCIqx9xe0ZryPXpqS6l/HVg71aNcuL8Y5e8+pI=",
        "owner": "nix-community",
        "repo": "plasma-manager",
        "rev": "06e3209d11797d9c741e25df06ab61048746bf93",
        "type": "github"
      },
      "original": {
        "owner": "nix-community",
        "repo": "plasma-manager",
        "type": "github"
      }
    },
    "root": {
      "inputs": {
        "home-manager": "home-manager",
        "hopnot": "hopnot",
        "nixpkgs": "nixpkgs",
        "plasma-manager": "plasma-manager"
      }
    }
  },
  "root": "root",
  "version": 7
}
